<Solution>
  <Configurations>
    <Platform Name="x64" />
    <Platform Name="x86" />
  </Configurations>
  <Project Path="../../../../../../Desktop/ProgramaciónI/EIF201-Programaci-n-I-IC2026/Sesion04/Lab3_S04_ashlyjimenez/Lab3_S04_ashlyjimenez/Lab3_S04_ashlyjimenez/Lab3_S04_ashlyjimenez.vcxproj" Id="f6e38183-3568-4cd7-a922-7a2e0c4d4040" />
</Solution>
